
Microsoft Visual Studio Solution File, Format Version 12.00
# Visual Studio Version 17 
VisualStudioVersion = 17.3.32922.545
MinimumVisualStudioVersion = 10.0.40219.1
Project("{FAE04EC0-301F-11D3-BF4B-00C04F79EFBC}") = "SQL1", "SQL1\SQL1.csproj", "{EDB439CA-0057-46F6-860C-6DE954DADA6D}"
EndProject
Global
	GlobalSection(SolutionConfigurationPlatforms) = preSolution
		Debug|Any CPU = Debug|Any CPU
		Release|Any CPU = Release|Any CPU
	EndGlobalSection
	GlobalSection(ProjectConfigurationPlatforms) = postSolution
		{EDB439CA-0057-46F6-860C-6DE954DADA6D}.Debug|Any CPU.ActiveCfg = Debug|Any CPU
		{EDB439CA-0057-46F6-860C-6DE954DADA6D}.Debug|Any CPU.Build.0 = Debug|Any CPU
		{EDB439CA-0057-46F6-860C-6DE954DADA6D}.Release|Any CPU.ActiveCfg = Release|Any CPU
		{EDB439CA-0057-46F6-860C-6DE954DADA6D}.Release|Any CPU.Build.0 = Release|Any CPU
	EndGlobalSection
	GlobalSection(SolutionProperties) = preSolution
		HideSolutionNode = FALSE
	EndGlobalSection
	GlobalSection(ExtensibilityGlobals) = postSolution
		SolutionGuid = {A9D2A68B-AC0F-48CC-B12D-7B8C26494BB2}
	EndGlobalSection
EndGlobal
